lockfileVersion: 5.3

specifiers:
  glob: ^7.2.0
  gogocode: ^1.0.46
  mri: ^1.2.0

dependencies:
  glob: registry.npmmirror.com/glob/7.2.0
  gogocode: registry.npmmirror.com/gogocode/1.0.46
  mri: registry.npmmirror.com/mri/1.2.0

packages:

  registry.nlark.com/concat-map/0.0.1:
    resolution: {integrity: sha1-2Klr13/Wjfd5OnMDajug1UBdR3s=, registry: https://registry.npm.taobao.org/, tarball: https://registry.nlark.com/concat-map/download/concat-map-0.0.1.tgz}
    name: concat-map
    version: 0.0.1
    dev: false

  registry.npmmirror.com/@babel/helper-validator-identifier/7.16.7:
    resolution: {integrity: sha512-hsEnFemeiW4D08A5gUAZxLBTXpZ39P+a+DGDsHw1yxqyQ/jzFEnxf5uTEGp+3bzAbNOxU1paTgYS4ECU/IgfDw==, registry: https://registry.npm.taobao.org/, tarball: https://registry.npmmirror.com/@babel/helper-validator-identifier/-/helper-validator-identifier-7.16.7.tgz}
    name: '@babel/helper-validator-identifier'
    version: 7.16.7
    engines: {node: '>=6.9.0'}
    dev: false

  registry.npmmirror.com/@babel/parser/7.17.3:
    resolution: {integrity: sha512-7yJPvPV+ESz2IUTPbOL+YkIGyCqOyNIzdguKQuJGnH7bg1WTIifuM21YqokFt/THWh1AkCRn9IgoykTRCBVpzA==, registry: https://registry.npm.taobao.org/, tarball: https://registry.npmmirror.com/@babel/parser/-/parser-7.17.3.tgz}
    name: '@babel/parser'
    version: 7.17.3
    engines: {node: '>=6.0.0'}
    hasBin: true
    dev: false

  registry.npmmirror.com/@babel/types/7.17.0:
    resolution: {integrity: sha512-TmKSNO4D5rzhL5bjWFcVHHLETzfQ/AmbKpKPOSjlP0WoHZ6L911fgoOKY4Alp/emzG4cHJdyN49zpgkbXFEHHw==, registry: https://registry.npm.taobao.org/, tarball: https://registry.npmmirror.com/@babel/types/-/types-7.17.0.tgz}
    name: '@babel/types'
    version: 7.17.0
    engines: {node: '>=6.9.0'}
    dependencies:
      '@babel/helper-validator-identifier': registry.npmmirror.com/@babel/helper-validator-identifier/7.16.7
      to-fast-properties: registry.npmmirror.com/to-fast-properties/2.0.0
    dev: false

  registry.npmmirror.com/@vue/compiler-core/3.0.11:
    resolution: {integrity: sha512-6sFj6TBac1y2cWCvYCA8YzHJEbsVkX7zdRs/3yK/n1ilvRqcn983XvpBbnN3v4mZ1UiQycTvOiajJmOgN9EVgw==, registry: https://registry.npm.taobao.org/, tarball: https://registry.npmmirror.com/@vue/compiler-core/-/compiler-core-3.0.11.tgz}
    name: '@vue/compiler-core'
    version: 3.0.11
    dependencies:
      '@babel/parser': registry.npmmirror.com/@babel/parser/7.17.3
      '@babel/types': registry.npmmirror.com/@babel/types/7.17.0
      '@vue/shared': registry.npmmirror.com/@vue/shared/3.0.11
      estree-walker: registry.npmmirror.com/estree-walker/2.0.2
      source-map: registry.npmmirror.com/source-map/0.6.1
    dev: false

  registry.npmmirror.com/@vue/compiler-dom/3.0.11:
    resolution: {integrity: sha512-+3xB50uGeY5Fv9eMKVJs2WSRULfgwaTJsy23OIltKgMrynnIj8hTYY2UL97HCoz78aDw1VDXdrBQ4qepWjnQcw==, registry: https://registry.npm.taobao.org/, tarball: https://registry.npmmirror.com/@vue/compiler-dom/-/compiler-dom-3.0.11.tgz}
    name: '@vue/compiler-dom'
    version: 3.0.11
    dependencies:
      '@vue/compiler-core': registry.npmmirror.com/@vue/compiler-core/3.0.11
      '@vue/shared': registry.npmmirror.com/@vue/shared/3.0.11
    dev: false

  registry.npmmirror.com/@vue/compiler-ssr/3.0.11:
    resolution: {integrity: sha512-66yUGI8SGOpNvOcrQybRIhl2M03PJ+OrDPm78i7tvVln86MHTKhM3ERbALK26F7tXl0RkjX4sZpucCpiKs3MnA==, registry: https://registry.npm.taobao.org/, tarball: https://registry.npmmirror.com/@vue/compiler-ssr/-/compiler-ssr-3.0.11.tgz}
    name: '@vue/compiler-ssr'
    version: 3.0.11
    dependencies:
      '@vue/compiler-dom': registry.npmmirror.com/@vue/compiler-dom/3.0.11
      '@vue/shared': registry.npmmirror.com/@vue/shared/3.0.11
    dev: false

  registry.npmmirror.com/@vue/shared/3.0.11:
    resolution: {integrity: sha512-b+zB8A2so8eCE0JsxjL24J7vdGl8rzPQ09hZNhystm+KqSbKcAej1A+Hbva1rCMmTTqA+hFnUSDc5kouEo0JzA==, registry: https://registry.npm.taobao.org/, tarball: https://registry.npmmirror.com/@vue/shared/-/shared-3.0.11.tgz}
    name: '@vue/shared'
    version: 3.0.11
    dev: false

  registry.npmmirror.com/ast-types-yx/0.14.2:
    resolution: {integrity: sha512-lre9vXZvn5azJcNM60Ub19NzoXsaGS/vJ76ral4BbGSOYJoBo/OrXOXI2uClYzDSzDfRR6D8K+FJrYT3BHUM8w==, registry: https://registry.npm.taobao.org/, tarball: https://registry.npmmirror.com/ast-types-yx/-/ast-types-yx-0.14.2.tgz}
    name: ast-types-yx
    version: 0.14.2
    engines: {node: '>=4'}
    dependencies:
      tslib: registry.npmmirror.com/tslib/2.3.1
    dev: false

  registry.npmmirror.com/balanced-match/1.0.2:
    resolution: {integrity: sha512-3oSeUO0TMV67hN1AmbXsK4yaqU7tjiHlbxRDZOpH0KW9+CeX4bRAaX0Anxt0tx2MrpRpWwQaPwIlISEJhYU5Pw==, registry: https://registry.npm.taobao.org/, tarball: https://registry.npmmirror.com/balanced-match/-/balanced-match-1.0.2.tgz}
    name: balanced-match
    version: 1.0.2
    dev: false

  registry.npmmirror.com/brace-expansion/1.1.11:
    resolution: {integrity: sha512-iCuPHDFgrHX7H2vEI/5xpz07zSHB00TpugqhmYtVmMO6518mCuRMoOYFldEBl0g187ufozdaHgWKcYFb61qGiA==, registry: https://registry.npm.taobao.org/, tarball: https://registry.npmmirror.com/brace-expansion/-/brace-expansion-1.1.11.tgz}
    name: brace-expansion
    version: 1.1.11
    dependencies:
      balanced-match: registry.npmmirror.com/balanced-match/1.0.2
      concat-map: registry.nlark.com/concat-map/0.0.1
    dev: false

  registry.npmmirror.com/cssesc/3.0.0:
    resolution: {integrity: sha512-/Tb/JcjK111nNScGob5MNtsntNM1aCNUDipB/TkwZFhyDrrE47SOx/18wF2bbjgc3ZzCSKW1T5nt5EbFoAz/Vg==, registry: https://registry.npm.taobao.org/, tarball: https://registry.npmmirror.com/cssesc/-/cssesc-3.0.0.tgz}
    name: cssesc
    version: 3.0.0
    engines: {node: '>=4'}
    hasBin: true
    dev: false

  registry.npmmirror.com/esprima/4.0.1:
    resolution: {integrity: sha512-eGuFFw7Upda+g4p+QHvnW0RyTX/SVeJBDM/gCtMARO0cLuT2HcEKnTPvhjV6aGeqrCB/sbNop0Kszm0jsaWU4A==, registry: https://registry.npm.taobao.org/, tarball: https://registry.npmmirror.com/esprima/-/esprima-4.0.1.tgz}
    name: esprima
    version: 4.0.1
    engines: {node: '>=4'}
    hasBin: true
    dev: false

  registry.npmmirror.com/estree-walker/2.0.2:
    resolution: {integrity: sha512-Rfkk/Mp/DL7JVje3u18FxFujQlTNR2q6QfMSMB7AvCBx91NGj/ba3kCfza0f6dVDbw7YlRf/nDrn7pQrCCyQ/w==, registry: https://registry.npm.taobao.org/, tarball: https://registry.npmmirror.com/estree-walker/-/estree-walker-2.0.2.tgz}
    name: estree-walker
    version: 2.0.2
    dev: false

  registry.npmmirror.com/fs.realpath/1.0.0:
    resolution: {integrity: sha512-OO0pH2lK6a0hZnAdau5ItzHPI6pUlvI7jMVnxUQRtw4owF2wk8lOSabtGDCTP4Ggrg2MbGnWO9X8K1t4+fGMDw==, registry: https://registry.npm.taobao.org/, tarball: https://registry.npmmirror.com/fs.realpath/-/fs.realpath-1.0.0.tgz}
    name: fs.realpath
    version: 1.0.0
    dev: false

  registry.npmmirror.com/generic-names/4.0.0:
    resolution: {integrity: sha512-ySFolZQfw9FoDb3ed9d80Cm9f0+r7qj+HJkWjeD9RBfpxEVTlVhol+gvaQB/78WbwYfbnNh8nWHHBSlg072y6A==, registry: https://registry.npm.taobao.org/, tarball: https://registry.npmmirror.com/generic-names/-/generic-names-4.0.0.tgz}
    name: generic-names
    version: 4.0.0
    dependencies:
      loader-utils: registry.npmmirror.com/loader-utils/3.2.0
    dev: false

  registry.npmmirror.com/glob/7.2.0:
    resolution: {integrity: sha512-lmLf6gtyrPq8tTjSmrO94wBeQbFR3HbLHbuyD69wuyQkImp2hWqMGB47OX65FBkPffO641IP9jWa1z4ivqG26Q==, registry: https://registry.npm.taobao.org/, tarball: https://registry.npmmirror.com/glob/-/glob-7.2.0.tgz}
    name: glob
    version: 7.2.0
    dependencies:
      fs.realpath: registry.npmmirror.com/fs.realpath/1.0.0
      inflight: registry.npmmirror.com/inflight/1.0.6
      inherits: registry.npmmirror.com/inherits/2.0.4
      minimatch: registry.npmmirror.com/minimatch/3.1.2
      once: registry.npmmirror.com/once/1.4.0
      path-is-absolute: registry.npmmirror.com/path-is-absolute/1.0.1
    dev: false

  registry.npmmirror.com/gogocode/1.0.46:
    resolution: {integrity: sha512-svDOYWrnh8/yn7PBXuNGFbvNtnLMzDYL5WqDAeNEty6sILkMTH0DqLfT3ZmGNpV081Eb+5O5LWTJDq7R88PmDQ==, registry: https://registry.npm.taobao.org/, tarball: https://registry.npmmirror.com/gogocode/-/gogocode-1.0.46.tgz}
    name: gogocode
    version: 1.0.46
    dependencies:
      '@babel/parser': registry.npmmirror.com/@babel/parser/7.17.3
      glob: registry.npmmirror.com/glob/7.2.0
      hyntax-yx: registry.npmmirror.com/hyntax-yx/1.0.8
      indent-string: registry.npmmirror.com/indent-string/4.0.0
      recast-yx: registry.npmmirror.com/recast-yx/0.18.12
      vue3-browser-compiler-yx: registry.npmmirror.com/vue3-browser-compiler-yx/1.0.1
    transitivePeerDependencies:
      - vue
    dev: false

  registry.npmmirror.com/hash-sum/2.0.0:
    resolution: {integrity: sha512-WdZTbAByD+pHfl/g9QSsBIIwy8IT+EsPiKDs0KNX+zSHhdDLFKdZu0BQHljvO+0QI/BasbMSUa8wYNCZTvhslg==, registry: https://registry.npm.taobao.org/, tarball: https://registry.npmmirror.com/hash-sum/-/hash-sum-2.0.0.tgz}
    name: hash-sum
    version: 2.0.0
    dev: false

  registry.npmmirror.com/hyntax-yx/1.0.8:
    resolution: {integrity: sha512-f95Dbi8UsCpvKbi7vV9j1VNQtTgZdP4DUBgwZjkq6b0tve8W61eeqDKOh++9gy2TJKJZLiqJuVDzLzZwNjBugQ==, registry: https://registry.npm.taobao.org/, tarball: https://registry.npmmirror.com/hyntax-yx/-/hyntax-yx-1.0.8.tgz}
    name: hyntax-yx
    version: 1.0.8
    engines: {node: '>=6.11.1', npm: '>=5.3.0'}
    dev: false

  registry.npmmirror.com/icss-replace-symbols/1.1.0:
    resolution: {integrity: sha512-chIaY3Vh2mh2Q3RGXttaDIzeiPvaVXJ+C4DAh/w3c37SKZ/U6PGMmuicR2EQQp9bKG8zLMCl7I+PtIoOOPp8Gg==, registry: https://registry.npm.taobao.org/, tarball: https://registry.npmmirror.com/icss-replace-symbols/-/icss-replace-symbols-1.1.0.tgz}
    name: icss-replace-symbols
    version: 1.1.0
    dev: false

  registry.npmmirror.com/icss-utils/5.1.0_postcss@8.4.6:
    resolution: {integrity: sha512-soFhflCVWLfRNOPU3iv5Z9VUdT44xFRbzjLsEzSr5AQmgqPMTHdU3PMT1Cf1ssx8fLNJDA1juftYl+PUcv3MqA==, registry: https://registry.npm.taobao.org/, tarball: https://registry.npmmirror.com/icss-utils/-/icss-utils-5.1.0.tgz}
    id: registry.npmmirror.com/icss-utils/5.1.0
    name: icss-utils
    version: 5.1.0
    engines: {node: ^10 || ^12 || >= 14}
    peerDependencies:
      postcss: ^8.1.0
    dependencies:
      postcss: registry.npmmirror.com/postcss/8.4.6
    dev: false

  registry.npmmirror.com/indent-string/4.0.0:
    resolution: {integrity: sha512-EdDDZu4A2OyIK7Lr/2zG+w5jmbuk1DVBnEwREQvBzspBJkCEbRa8GxU1lghYcaGJCnRWibjDXlq779X1/y5xwg==, registry: https://registry.npm.taobao.org/, tarball: https://registry.npmmirror.com/indent-string/-/indent-string-4.0.0.tgz}
    name: indent-string
    version: 4.0.0
    engines: {node: '>=8'}
    dev: false

  registry.npmmirror.com/inflight/1.0.6:
    resolution: {integrity: sha512-k92I/b08q4wvFscXCLvqfsHCrjrF7yiXsQuIVvVE7N82W3+aqpzuUdBbfhWcy/FZR3/4IgflMgKLOsvPDrGCJA==, registry: https://registry.npm.taobao.org/, tarball: https://registry.npmmirror.com/inflight/-/inflight-1.0.6.tgz}
    name: inflight
    version: 1.0.6
    dependencies:
      once: registry.npmmirror.com/once/1.4.0
      wrappy: registry.npmmirror.com/wrappy/1.0.2
    dev: false

  registry.npmmirror.com/inherits/2.0.4:
    resolution: {integrity: sha512-k/vGaX4/Yla3WzyMCvTQOXYeIHvqOKtnqBduzTHpzpQZzAskKMhZ2K+EnBiSM9zGSoIFeMpXKxa4dYeZIQqewQ==, registry: https://registry.npm.taobao.org/, tarball: https://registry.npmmirror.com/inherits/-/inherits-2.0.4.tgz}
    name: inherits
    version: 2.0.4
    dev: false

  registry.npmmirror.com/loader-utils/3.2.0:
    resolution: {integrity: sha512-HVl9ZqccQihZ7JM85dco1MvO9G+ONvxoGa9rkhzFsneGLKSUg1gJf9bWzhRhcvm2qChhWpebQhP44qxjKIUCaQ==, registry: https://registry.npm.taobao.org/, tarball: https://registry.npmmirror.com/loader-utils/-/loader-utils-3.2.0.tgz}
    name: loader-utils
    version: 3.2.0
    engines: {node: '>= 12.13.0'}
    dev: false

  registry.npmmirror.com/lodash.camelcase/4.3.0:
    resolution: {integrity: sha512-TwuEnCnxbc3rAvhf/LbG7tJUDzhqXyFnv3dtzLOPgCG/hODL7WFnsbwktkD7yUV0RrreP/l1PALq/YSg6VvjlA==, registry: https://registry.npm.taobao.org/, tarball: https://registry.npmmirror.com/lodash.camelcase/-/lodash.camelcase-4.3.0.tgz}
    name: lodash.camelcase
    version: 4.3.0
    dev: false

  registry.npmmirror.com/lru-cache/5.1.1:
    resolution: {integrity: sha512-KpNARQA3Iwv+jTA0utUVVbrh+Jlrr1Fv0e56GGzAFOXN7dk/FviaDW8LHmK52DlcH4WP2n6gI8vN1aesBFgo9w==, registry: https://registry.npm.taobao.org/, tarball: https://registry.npmmirror.com/lru-cache/-/lru-cache-5.1.1.tgz}
    name: lru-cache
    version: 5.1.1
    dependencies:
      yallist: registry.npmmirror.com/yallist/3.1.1
    dev: false

  registry.npmmirror.com/magic-string/0.25.7:
    resolution: {integrity: sha512-4CrMT5DOHTDk4HYDlzmwu4FVCcIYI8gauveasrdCu2IKIFOJ3f0v/8MDGJCDL9oD2ppz/Av1b0Nj345H9M+XIA==, registry: https://registry.npm.taobao.org/, tarball: https://registry.npmmirror.com/magic-string/-/magic-string-0.25.7.tgz}
    name: magic-string
    version: 0.25.7
    dependencies:
      sourcemap-codec: registry.npmmirror.com/sourcemap-codec/1.4.8
    dev: false

  registry.npmmirror.com/merge-source-map/1.1.0:
    resolution: {integrity: sha512-Qkcp7P2ygktpMPh2mCQZaf3jhN6D3Z/qVZHSdWvQ+2Ef5HgRAPBO57A77+ENm0CPx2+1Ce/MYKi3ymqdfuqibw==, registry: https://registry.npm.taobao.org/, tarball: https://registry.npmmirror.com/merge-source-map/-/merge-source-map-1.1.0.tgz}
    name: merge-source-map
    version: 1.1.0
    dependencies:
      source-map: registry.npmmirror.com/source-map/0.6.1
    dev: false

  registry.npmmirror.com/minimatch/3.1.2:
    resolution: {integrity: sha512-J7p63hRiAjw1NDEww1W7i37+ByIrOWO5XQQAzZ3VOcL0PNybwpfmV/N05zFAzwQ9USyEcX6t3UO+K5aqBQOIHw==, registry: https://registry.npm.taobao.org/, tarball: https://registry.npmmirror.com/minimatch/-/minimatch-3.1.2.tgz}
    name: minimatch
    version: 3.1.2
    dependencies:
      brace-expansion: registry.npmmirror.com/brace-expansion/1.1.11
    dev: false

  registry.npmmirror.com/mri/1.2.0:
    resolution: {integrity: sha512-tzzskb3bG8LvYGFF/mDTpq3jpI6Q9wc3LEmBaghu+DdCssd1FakN7Bc0hVNmEyGq1bq3RgfkCb3cmQLpNPOroA==, registry: https://registry.npm.taobao.org/, tarball: https://registry.npmmirror.com/mri/-/mri-1.2.0.tgz}
    name: mri
    version: 1.2.0
    engines: {node: '>=4'}
    dev: false

  registry.npmmirror.com/nanoid/3.3.1:
    resolution: {integrity: sha512-n6Vs/3KGyxPQd6uO0eH4Bv0ojGSUvuLlIHtC3Y0kEO23YRge8H9x1GCzLn28YX0H66pMkxuaeESFq4tKISKwdw==, registry: https://registry.npm.taobao.org/, tarball: https://registry.npmmirror.com/nanoid/-/nanoid-3.3.1.tgz}
    name: nanoid
    version: 3.3.1
    engines: {node: ^10 || ^12 || ^13.7 || ^14 || >=15.0.1}
    hasBin: true
    dev: false

  registry.npmmirror.com/once/1.4.0:
    resolution: {integrity: sha512-lNaJgI+2Q5URQBkccEKHTQOPaXdUxnZZElQTZY0MFUAuaEqe1E+Nyvgdz/aIyNi6Z9MzO5dv1H8n58/GELp3+w==, registry: https://registry.npm.taobao.org/, tarball: https://registry.npmmirror.com/once/-/once-1.4.0.tgz}
    name: once
    version: 1.4.0
    dependencies:
      wrappy: registry.npmmirror.com/wrappy/1.0.2
    dev: false

  registry.npmmirror.com/path-is-absolute/1.0.1:
    resolution: {integrity: sha512-AVbw3UJ2e9bq64vSaS9Am0fje1Pa8pbGqTTsmXfaIiMpnr5DlDhfJOuLj9Sf95ZPVDAUerDfEk88MPmPe7UCQg==, registry: https://registry.npm.taobao.org/, tarball: https://registry.npmmirror.com/path-is-absolute/-/path-is-absolute-1.0.1.tgz}
    name: path-is-absolute
    version: 1.0.1
    engines: {node: '>=0.10.0'}
    dev: false

  registry.npmmirror.com/picocolors/1.0.0:
    resolution: {integrity: sha512-1fygroTLlHu66zi26VoTDv8yRgm0Fccecssto+MhsZ0D/DGW2sm8E8AjW7NU5VVTRt5GxbeZ5qBuJr+HyLYkjQ==, registry: https://registry.npm.taobao.org/, tarball: https://registry.npmmirror.com/picocolors/-/picocolors-1.0.0.tgz}
    name: picocolors
    version: 1.0.0
    dev: false

  registry.npmmirror.com/postcss-modules-extract-imports/3.0.0_postcss@8.4.6:
    resolution: {integrity: sha512-bdHleFnP3kZ4NYDhuGlVK+CMrQ/pqUm8bx/oGL93K6gVwiclvX5x0n76fYMKuIGKzlABOy13zsvqjb0f92TEXw==, registry: https://registry.npm.taobao.org/, tarball: https://registry.npmmirror.com/postcss-modules-extract-imports/-/postcss-modules-extract-imports-3.0.0.tgz}
    id: registry.npmmirror.com/postcss-modules-extract-imports/3.0.0
    name: postcss-modules-extract-imports
    version: 3.0.0
    engines: {node: ^10 || ^12 || >= 14}
    peerDependencies:
      postcss: ^8.1.0
    dependencies:
      postcss: registry.npmmirror.com/postcss/8.4.6
    dev: false

  registry.npmmirror.com/postcss-modules-local-by-default/4.0.0_postcss@8.4.6:
    resolution: {integrity: sha512-sT7ihtmGSF9yhm6ggikHdV0hlziDTX7oFoXtuVWeDd3hHObNkcHRo9V3yg7vCAY7cONyxJC/XXCmmiHHcvX7bQ==, registry: https://registry.npm.taobao.org/, tarball: https://registry.npmmirror.com/postcss-modules-local-by-default/-/postcss-modules-local-by-default-4.0.0.tgz}
    id: registry.npmmirror.com/postcss-modules-local-by-default/4.0.0
    name: postcss-modules-local-by-default
    version: 4.0.0
    engines: {node: ^10 || ^12 || >= 14}
    peerDependencies:
      postcss: ^8.1.0
    dependencies:
      icss-utils: registry.npmmirror.com/icss-utils/5.1.0_postcss@8.4.6
      postcss: registry.npmmirror.com/postcss/8.4.6
      postcss-selector-parser: registry.npmmirror.com/postcss-selector-parser/6.0.9
      postcss-value-parser: registry.npmmirror.com/postcss-value-parser/4.2.0
    dev: false

  registry.npmmirror.com/postcss-modules-scope/3.0.0_postcss@8.4.6:
    resolution: {integrity: sha512-hncihwFA2yPath8oZ15PZqvWGkWf+XUfQgUGamS4LqoP1anQLOsOJw0vr7J7IwLpoY9fatA2qiGUGmuZL0Iqlg==, registry: https://registry.npm.taobao.org/, tarball: https://registry.npmmirror.com/postcss-modules-scope/-/postcss-modules-scope-3.0.0.tgz}
    id: registry.npmmirror.com/postcss-modules-scope/3.0.0
    name: postcss-modules-scope
    version: 3.0.0
    engines: {node: ^10 || ^12 || >= 14}
    peerDependencies:
      postcss: ^8.1.0
    dependencies:
      postcss: registry.npmmirror.com/postcss/8.4.6
      postcss-selector-parser: registry.npmmirror.com/postcss-selector-parser/6.0.9
    dev: false

  registry.npmmirror.com/postcss-modules-values/4.0.0_postcss@8.4.6:
    resolution: {integrity: sha512-RDxHkAiEGI78gS2ofyvCsu7iycRv7oqw5xMWn9iMoR0N/7mf9D50ecQqUo5BZ9Zh2vH4bCUR/ktCqbB9m8vJjQ==, registry: https://registry.npm.taobao.org/, tarball: https://registry.npmmirror.com/postcss-modules-values/-/postcss-modules-values-4.0.0.tgz}
    id: registry.npmmirror.com/postcss-modules-values/4.0.0
    name: postcss-modules-values
    version: 4.0.0
    engines: {node: ^10 || ^12 || >= 14}
    peerDependencies:
      postcss: ^8.1.0
    dependencies:
      icss-utils: registry.npmmirror.com/icss-utils/5.1.0_postcss@8.4.6
      postcss: registry.npmmirror.com/postcss/8.4.6
    dev: false

  registry.npmmirror.com/postcss-modules/4.3.0_postcss@8.4.6:
    resolution: {integrity: sha512-zoUttLDSsbWDinJM9jH37o7hulLRyEgH6fZm2PchxN7AZ8rkdWiALyNhnQ7+jg7cX9f10m6y5VhHsrjO0Mf/DA==, registry: https://registry.npm.taobao.org/, tarball: https://registry.npmmirror.com/postcss-modules/-/postcss-modules-4.3.0.tgz}
    id: registry.npmmirror.com/postcss-modules/4.3.0
    name: postcss-modules
    version: 4.3.0
    peerDependencies:
      postcss: ^8.0.0
    dependencies:
      generic-names: registry.npmmirror.com/generic-names/4.0.0
      icss-replace-symbols: registry.npmmirror.com/icss-replace-symbols/1.1.0
      lodash.camelcase: registry.npmmirror.com/lodash.camelcase/4.3.0
      postcss: registry.npmmirror.com/postcss/8.4.6
      postcss-modules-extract-imports: registry.npmmirror.com/postcss-modules-extract-imports/3.0.0_postcss@8.4.6
      postcss-modules-local-by-default: registry.npmmirror.com/postcss-modules-local-by-default/4.0.0_postcss@8.4.6
      postcss-modules-scope: registry.npmmirror.com/postcss-modules-scope/3.0.0_postcss@8.4.6
      postcss-modules-values: registry.npmmirror.com/postcss-modules-values/4.0.0_postcss@8.4.6
      string-hash: registry.npmmirror.com/string-hash/1.1.3
    dev: false

  registry.npmmirror.com/postcss-selector-parser/6.0.9:
    resolution: {integrity: sha512-UO3SgnZOVTwu4kyLR22UQ1xZh086RyNZppb7lLAKBFK8a32ttG5i87Y/P3+2bRSjZNyJ1B7hfFNo273tKe9YxQ==, registry: https://registry.npm.taobao.org/, tarball: https://registry.npmmirror.com/postcss-selector-parser/-/postcss-selector-parser-6.0.9.tgz}
    name: postcss-selector-parser
    version: 6.0.9
    engines: {node: '>=4'}
    dependencies:
      cssesc: registry.npmmirror.com/cssesc/3.0.0
      util-deprecate: registry.npmmirror.com/util-deprecate/1.0.2
    dev: false

  registry.npmmirror.com/postcss-value-parser/4.2.0:
    resolution: {integrity: sha512-1NNCs6uurfkVbeXG4S8JFT9t19m45ICnif8zWLd5oPSZ50QnwMfK+H3jv408d4jw/7Bttv5axS5IiHoLaVNHeQ==, registry: https://registry.npm.taobao.org/, tarball: https://registry.npmmirror.com/postcss-value-parser/-/postcss-value-parser-4.2.0.tgz}
    name: postcss-value-parser
    version: 4.2.0
    dev: false

  registry.npmmirror.com/postcss/8.4.6:
    resolution: {integrity: sha512-OovjwIzs9Te46vlEx7+uXB0PLijpwjXGKXjVGGPIGubGpq7uh5Xgf6D6FiJ/SzJMBosHDp6a2hiXOS97iBXcaA==, registry: https://registry.npm.taobao.org/, tarball: https://registry.npmmirror.com/postcss/-/postcss-8.4.6.tgz}
    name: postcss
    version: 8.4.6
    engines: {node: ^10 || ^12 || >=14}
    dependencies:
      nanoid: registry.npmmirror.com/nanoid/3.3.1
      picocolors: registry.npmmirror.com/picocolors/1.0.0
      source-map-js: registry.npmmirror.com/source-map-js/1.0.2
    dev: false

  registry.npmmirror.com/private/0.1.8:
    resolution: {integrity: sha512-VvivMrbvd2nKkiG38qjULzlc+4Vx4wm/whI9pQD35YrARNnhxeiRktSOhSukRLFNlzg6Br/cJPet5J/u19r/mg==, registry: https://registry.npm.taobao.org/, tarball: https://registry.npmmirror.com/private/-/private-0.1.8.tgz}
    name: private
    version: 0.1.8
    engines: {node: '>= 0.6'}
    dev: false

  registry.npmmirror.com/recast-yx/0.18.12:
    resolution: {integrity: sha512-hYM2QgEbYxmevT66lDhQv+24erth+RbQfCFjft89cvHjJzRNyhf4QY1UtDs91IMh3duRhX1vLvPNoc1XOBMbIQ==, registry: https://registry.npm.taobao.org/, tarball: https://registry.npmmirror.com/recast-yx/-/recast-yx-0.18.12.tgz}
    name: recast-yx
    version: 0.18.12
    engines: {node: '>= 4'}
    dependencies:
      ast-types-yx: registry.npmmirror.com/ast-types-yx/0.14.2
      esprima: registry.npmmirror.com/esprima/4.0.1
      private: registry.npmmirror.com/private/0.1.8
      source-map: registry.npmmirror.com/source-map/0.6.1
    dev: false

  registry.npmmirror.com/source-map-js/1.0.2:
    resolution: {integrity: sha512-R0XvVJ9WusLiqTCEiGCmICCMplcCkIwwR11mOSD9CR5u+IXYdiseeEuXCVAjS54zqwkLcPNnmU4OeJ6tUrWhDw==, registry: https://registry.npm.taobao.org/, tarball: https://registry.npmmirror.com/source-map-js/-/source-map-js-1.0.2.tgz}
    name: source-map-js
    version: 1.0.2
    engines: {node: '>=0.10.0'}
    dev: false

  registry.npmmirror.com/source-map/0.6.1:
    resolution: {integrity: sha512-UjgapumWlbMhkBgzT7Ykc5YXUT46F0iKu8SGXq0bcwP5dz/h0Plj6enJqjz1Zbq2l5WaqYnrVbwWOWMyF3F47g==, registry: https://registry.npm.taobao.org/, tarball: https://registry.npmmirror.com/source-map/-/source-map-0.6.1.tgz}
    name: source-map
    version: 0.6.1
    engines: {node: '>=0.10.0'}
    dev: false

  registry.npmmirror.com/sourcemap-codec/1.4.8:
    resolution: {integrity: sha512-9NykojV5Uih4lgo5So5dtw+f0JgJX30KCNI8gwhz2J9A15wD0Ml6tjHKwf6fTSa6fAdVBdZeNOs9eJ71qCk8vA==, registry: https://registry.npm.taobao.org/, tarball: https://registry.npmmirror.com/sourcemap-codec/-/sourcemap-codec-1.4.8.tgz}
    name: sourcemap-codec
    version: 1.4.8
    dev: false

  registry.npmmirror.com/string-hash/1.1.3:
    resolution: {integrity: sha512-kJUvRUFK49aub+a7T1nNE66EJbZBMnBgoC1UbCZ5n6bsZKBRga4KgBRTMn/pFkeCZSYtNeSyMxPDM0AXWELk2A==, registry: https://registry.npm.taobao.org/, tarball: https://registry.npmmirror.com/string-hash/-/string-hash-1.1.3.tgz}
    name: string-hash
    version: 1.1.3
    dev: false

  registry.npmmirror.com/to-fast-properties/2.0.0:
    resolution: {integrity: sha512-/OaKK0xYrs3DmxRYqL/yDc+FxFUVYhDlXMhRmv3z915w2HF1tnN1omB354j8VUGO/hbRzyD6Y3sA7v7GS/ceog==, registry: https://registry.npm.taobao.org/, tarball: https://registry.npmmirror.com/to-fast-properties/-/to-fast-properties-2.0.0.tgz}
    name: to-fast-properties
    version: 2.0.0
    engines: {node: '>=4'}
    dev: false

  registry.npmmirror.com/tslib/2.3.1:
    resolution: {integrity: sha512-77EbyPPpMz+FRFRuAFlWMtmgUWGe9UOG2Z25NqCwiIjRhOf5iKGuzSe5P2w1laq+FkRy4p+PCuVkJSGkzTEKVw==, registry: https://registry.npm.taobao.org/, tarball: https://registry.npmmirror.com/tslib/-/tslib-2.3.1.tgz}
    name: tslib
    version: 2.3.1
    dev: false

  registry.npmmirror.com/util-deprecate/1.0.2:
    resolution: {integrity: sha512-EPD5q1uXyFxJpCrLnCc1nHnq3gOa6DZBocAIiI2TaSCA7VCJ1UJDMagCzIkXNsUYfD1daK//LTEQ8xiIbrHtcw==, registry: https://registry.npm.taobao.org/, tarball: https://registry.npmmirror.com/util-deprecate/-/util-deprecate-1.0.2.tgz}
    name: util-deprecate
    version: 1.0.2
    dev: false

  registry.npmmirror.com/vue3-browser-compiler-yx/1.0.1:
    resolution: {integrity: sha512-kHllmqB44pKp3aUs4fwW2RPc5+mL184l86oz5VOjdRPum4yTyTmZP0P7U1PxJhrZZ4Ke6C59+HDUTUSl6UpQUA==, registry: https://registry.npm.taobao.org/, tarball: https://registry.npmmirror.com/vue3-browser-compiler-yx/-/vue3-browser-compiler-yx-1.0.1.tgz}
    name: vue3-browser-compiler-yx
    version: 1.0.1
    peerDependencies:
      vue: 3.0.11
    dependencies:
      '@babel/parser': registry.npmmirror.com/@babel/parser/7.17.3
      '@babel/types': registry.npmmirror.com/@babel/types/7.17.0
      '@vue/compiler-core': registry.npmmirror.com/@vue/compiler-core/3.0.11
      '@vue/compiler-dom': registry.npmmirror.com/@vue/compiler-dom/3.0.11
      '@vue/compiler-ssr': registry.npmmirror.com/@vue/compiler-ssr/3.0.11
      '@vue/shared': registry.npmmirror.com/@vue/shared/3.0.11
      estree-walker: registry.npmmirror.com/estree-walker/2.0.2
      hash-sum: registry.npmmirror.com/hash-sum/2.0.0
      lru-cache: registry.npmmirror.com/lru-cache/5.1.1
      magic-string: registry.npmmirror.com/magic-string/0.25.7
      merge-source-map: registry.npmmirror.com/merge-source-map/1.1.0
      postcss: registry.npmmirror.com/postcss/8.4.6
      postcss-modules: registry.npmmirror.com/postcss-modules/4.3.0_postcss@8.4.6
      postcss-selector-parser: registry.npmmirror.com/postcss-selector-parser/6.0.9
      source-map: registry.npmmirror.com/source-map/0.6.1
    dev: false

  registry.npmmirror.com/wrappy/1.0.2:
    resolution: {integrity: sha512-l4Sp/DRseor9wL6EvV2+TuQn63dMkPjZ/sp9XkghTEbV9KlPS1xUsZ3u7/IQO4wxtcFB4bgpQPRcR3QCvezPcQ==, registry: https://registry.npm.taobao.org/, tarball: https://registry.npmmirror.com/wrappy/-/wrappy-1.0.2.tgz}
    name: wrappy
    version: 1.0.2
    dev: false

  registry.npmmirror.com/yallist/3.1.1:
    resolution: {integrity: sha512-a4UGQaWPH59mOXUYnAG2ewncQS4i4F43Tv3JoAM+s2VDAmS9NsK8GpDMLrCHPksFT7h3K6TOoUNn2pb7RoXx4g==, registry: https://registry.npm.taobao.org/, tarball: https://registry.npmmirror.com/yallist/-/yallist-3.1.1.tgz}
    name: yallist
    version: 3.1.1
    dev: false
